
Microsoft Visual Studio Solution File, Format Version 12.00
# Visual Studio 15
VisualStudioVersion = 15.0.27428.2037
MinimumVisualStudioVersion = 10.0.40219.1
Project("{FAE04EC0-301F-11D3-BF4B-00C04F79EFBC}") = "GuilleCoin", "GuilleCoin\GuilleCoin.csproj", "{B94FF2C2-17DF-42FB-BE00-FE6CAA960C27}"
EndProject
Global
	GlobalSection(SolutionConfigurationPlatforms) = preSolution
		Debug|Any CPU = Debug|Any CPU
		Release|Any CPU = Release|Any CPU
	EndGlobalSection
	GlobalSection(ProjectConfigurationPlatforms) = postSolution
		{B94FF2C2-17DF-42FB-BE00-FE6CAA960C27}.Debug|Any CPU.ActiveCfg = Debug|Any CPU
		{B94FF2C2-17DF-42FB-BE00-FE6CAA960C27}.Debug|Any CPU.Build.0 = Debug|Any CPU
		{B94FF2C2-17DF-42FB-BE00-FE6CAA960C27}.Release|Any CPU.ActiveCfg = Release|Any CPU
		{B94FF2C2-17DF-42FB-BE00-FE6CAA960C27}.Release|Any CPU.Build.0 = Release|Any CPU
	EndGlobalSection
	GlobalSection(SolutionProperties) = preSolution
		HideSolutionNode = FALSE
	EndGlobalSection
	GlobalSection(ExtensibilityGlobals) = postSolution
		SolutionGuid = {B241DCC5-934C-44BE-9602-D7FE36766D75}
	EndGlobalSection
EndGlobal
